
Microsoft Visual Studio Solution File, Format Version 12.00
# Visual Studio Version 17
VisualStudioVersion = 17.10.35013.160
MinimumVisualStudioVersion = 10.0.40219.1
Project("{FAE04EC0-301F-11D3-BF4B-00C04F79EFBC}") = "phi3Vision", "phi3Vision.csproj", "{637D05B2-70E1-4E24-A31D-B8326CD56581}"
EndProject
Global
	GlobalSection(SolutionConfigurationPlatforms) = preSolution
		Debug|Any CPU = Debug|Any CPU
		Release|Any CPU = Release|Any CPU
	EndGlobalSection
	GlobalSection(ProjectConfigurationPlatforms) = postSolution
		{637D05B2-70E1-4E24-A31D-B8326CD56581}.Debug|Any CPU.ActiveCfg = Debug|Any CPU
		{637D05B2-70E1-4E24-A31D-B8326CD56581}.Debug|Any CPU.Build.0 = Debug|Any CPU
		{637D05B2-70E1-4E24-A31D-B8326CD56581}.Release|Any CPU.ActiveCfg = Release|Any CPU
		{637D05B2-70E1-4E24-A31D-B8326CD56581}.Release|Any CPU.Build.0 = Release|Any CPU
	EndGlobalSection
	GlobalSection(SolutionProperties) = preSolution
		HideSolutionNode = FALSE
	EndGlobalSection
	GlobalSection(ExtensibilityGlobals) = postSolution
		SolutionGuid = {026396CE-74BB-4896-AB9A-5AEB3B2BA3C7}
	EndGlobalSection
EndGlobal
