
Microsoft Visual Studio Solution File, Format Version 12.00
# Visual Studio Version 17
VisualStudioVersion = 17.10.35013.160
MinimumVisualStudioVersion = 10.0.40219.1
Project("{FAE04EC0-301F-11D3-BF4B-00C04F79EFBC}") = "planners", "planners.csproj", "{4DE4161D-A960-4A8E-9D46-978381F86944}"
EndProject
Global
	GlobalSection(SolutionConfigurationPlatforms) = preSolution
		Debug|Any CPU = Debug|Any CPU
		Release|Any CPU = Release|Any CPU
	EndGlobalSection
	GlobalSection(ProjectConfigurationPlatforms) = postSolution
		{4DE4161D-A960-4A8E-9D46-978381F86944}.Debug|Any CPU.ActiveCfg = Debug|Any CPU
		{4DE4161D-A960-4A8E-9D46-978381F86944}.Debug|Any CPU.Build.0 = Debug|Any CPU
		{4DE4161D-A960-4A8E-9D46-978381F86944}.Release|Any CPU.ActiveCfg = Release|Any CPU
		{4DE4161D-A960-4A8E-9D46-978381F86944}.Release|Any CPU.Build.0 = Release|Any CPU
	EndGlobalSection
	GlobalSection(SolutionProperties) = preSolution
		HideSolutionNode = FALSE
	EndGlobalSection
	GlobalSection(ExtensibilityGlobals) = postSolution
		SolutionGuid = {B74ABE2F-5423-427D-BEF8-07ADB0F1168A}
	EndGlobalSection
EndGlobal
